PODS:
  - Alamofire (4.9.1)
  - Kingfisher (4.10.1)

DEPENDENCIES:
  - Alamofire
  - Kingfisher

SPEC REPOS:
  trunk:
    - Alamofire
    - Kingfisher

SPEC CHECKSUMS:
  Alamofire: 85e8a02c69d6020a0d734f6054870d7ecb75cf18
  Kingfisher: c148cd7b47ebde9989f6bc7c27dcaa79d81279a0

PODFILE CHECKSUM: 978816c3367a0ce89eb3bae976b9d6e6fde024a2

COCOAPODS: 1.11.3
